Microsoft Visual Studio Solution File, Format Version 12.00
# Visual Studio 15
VisualStudioVersion = 15.0.26403.7
MinimumVisualStudioVersion = 15.0.26124.0
Project("{9A19103F-16F7-4668-BE54-9A1E7A4F7556}") = "Fibon.Api", "Fibon.Api\Fibon.Api.csproj", "{587C207B-0BA4-478A-832A-BEAD9E91F2DD}"
EndProject
Project("{9A19103F-16F7-4668-BE54-9A1E7A4F7556}") = "Fibon.Service", "Fibon.Service\Fibon.Service.csproj", "{8F2A48F9-8601-42E2-A39D-92FBF5528813}"
EndProject
Project("{9A19103F-16F7-4668-BE54-9A1E7A4F7556}") = "Fibon.Messages", "Fibon.Messages\Fibon.Messages.csproj", "{C464698C-C9EC-4174-99FB-C57A0C479CFC}"
EndProject
Project("{2150E333-8FDC-42A3-9474-1A3956D46DE8}") = "Scripts", "Scripts", "{262F88B5-5C2D-442B-B654-EF8169A14829}"
	ProjectSection(SolutionItems) = preProject
		buildDockerImages.sh = buildDockerImages.sh
		docker-compose.yaml = docker-compose.yaml
		dotnetPublish.sh = dotnetPublish.sh
	EndProjectSection
EndProject
Global
	GlobalSection(SolutionConfigurationPlatforms) = preSolution
		Debug|Any CPU = Debug|Any CPU
		Debug|x64 = Debug|x64
		Debug|x86 = Debug|x86
		Release|Any CPU = Release|Any CPU
		Release|x64 = Release|x64
		Release|x86 = Release|x86
	EndGlobalSection
	GlobalSection(ProjectConfigurationPlatforms) = postSolution
		{587C207B-0BA4-478A-832A-BEAD9E91F2DD}.Debug|Any CPU.ActiveCfg = Debug|Any CPU
		{587C207B-0BA4-478A-832A-BEAD9E91F2DD}.Debug|Any CPU.Build.0 = Debug|Any CPU
		{587C207B-0BA4-478A-832A-BEAD9E91F2DD}.Debug|x64.ActiveCfg = Debug|Any CPU
		{587C207B-0BA4-478A-832A-BEAD9E91F2DD}.Debug|x64.Build.0 = Debug|Any CPU
		{587C207B-0BA4-478A-832A-BEAD9E91F2DD}.Debug|x86.ActiveCfg = Debug|Any CPU
		{587C207B-0BA4-478A-832A-BEAD9E91F2DD}.Debug|x86.Build.0 = Debug|Any CPU
		{587C207B-0BA4-478A-832A-BEAD9E91F2DD}.Release|Any CPU.ActiveCfg = Release|Any CPU
		{587C207B-0BA4-478A-832A-BEAD9E91F2DD}.Release|Any CPU.Build.0 = Release|Any CPU
		{587C207B-0BA4-478A-832A-BEAD9E91F2DD}.Release|x64.ActiveCfg = Release|Any CPU
		{587C207B-0BA4-478A-832A-BEAD9E91F2DD}.Release|x64.Build.0 = Release|Any CPU
		{587C207B-0BA4-478A-832A-BEAD9E91F2DD}.Release|x86.ActiveCfg = Release|Any CPU
		{587C207B-0BA4-478A-832A-BEAD9E91F2DD}.Release|x86.Build.0 = Release|Any CPU
		{8F2A48F9-8601-42E2-A39D-92FBF5528813}.Debug|Any CPU.ActiveCfg = Debug|Any CPU
		{8F2A48F9-8601-42E2-A39D-92FBF5528813}.Debug|Any CPU.Build.0 = Debug|Any CPU
		{8F2A48F9-8601-42E2-A39D-92FBF5528813}.Debug|x64.ActiveCfg = Debug|Any CPU
		{8F2A48F9-8601-42E2-A39D-92FBF5528813}.Debug|x64.Build.0 = Debug|Any CPU
		{8F2A48F9-8601-42E2-A39D-92FBF5528813}.Debug|x86.ActiveCfg = Debug|Any CPU
		{8F2A48F9-8601-42E2-A39D-92FBF5528813}.Debug|x86.Build.0 = Debug|Any CPU
		{8F2A48F9-8601-42E2-A39D-92FBF5528813}.Release|Any CPU.ActiveCfg = Release|Any CPU
		{8F2A48F9-8601-42E2-A39D-92FBF5528813}.Release|Any CPU.Build.0 = Release|Any CPU
		{8F2A48F9-8601-42E2-A39D-92FBF5528813}.Release|x64.ActiveCfg = Release|Any CPU
		{8F2A48F9-8601-42E2-A39D-92FBF5528813}.Release|x64.Build.0 = Release|Any CPU
		{8F2A48F9-8601-42E2-A39D-92FBF5528813}.Release|x86.ActiveCfg = Release|Any CPU
		{8F2A48F9-8601-42E2-A39D-92FBF5528813}.Release|x86.Build.0 = Release|Any CPU
		{C464698C-C9EC-4174-99FB-C57A0C479CFC}.Debug|Any CPU.ActiveCfg = Debug|Any CPU
		{C464698C-C9EC-4174-99FB-C57A0C479CFC}.Debug|Any CPU.Build.0 = Debug|Any CPU
		{C464698C-C9EC-4174-99FB-C57A0C479CFC}.Debug|x64.ActiveCfg = Debug|Any CPU
		{C464698C-C9EC-4174-99FB-C57A0C479CFC}.Debug|x64.Build.0 = Debug|Any CPU
		{C464698C-C9EC-4174-99FB-C57A0C479CFC}.Debug|x86.ActiveCfg = Debug|Any CPU
		{C464698C-C9EC-4174-99FB-C57A0C479CFC}.Debug|x86.Build.0 = Debug|Any CPU
		{C464698C-C9EC-4174-99FB-C57A0C479CFC}.Release|Any CPU.ActiveCfg = Release|Any CPU
		{C464698C-C9EC-4174-99FB-C57A0C479CFC}.Release|Any CPU.Build.0 = Release|Any CPU
		{C464698C-C9EC-4174-99FB-C57A0C479CFC}.Release|x64.ActiveCfg = Release|Any CPU
		{C464698C-C9EC-4174-99FB-C57A0C479CFC}.Release|x64.Build.0 = Release|Any CPU
		{C464698C-C9EC-4174-99FB-C57A0C479CFC}.Release|x86.ActiveCfg = Release|Any CPU
		{C464698C-C9EC-4174-99FB-C57A0C479CFC}.Release|x86.Build.0 = Release|Any CPU
	EndGlobalSection
	GlobalSection(SolutionProperties) = preSolution
		HideSolutionNode = FALSE
	EndGlobalSection
EndGlobal
